// !$*UTF8*$!
{
	archiveVersion = 1;
	classes = {
	};
	objectVersion = 46;
	objects = {

/* Begin PBXBuildFile section */
		1018A5F31C7E979B006F6AB0 /* OneMinuteViewController.swift in Sources */ = {isa = PBXBuildFile; fileRef = 1018A5F21C7E979B006F6AB0 /* OneMinuteViewController.swift */; };
		103ADCDD1C85757200D5436D /* SevenYearsTableViewController.swift in Sources */ = {isa = PBXBuildFile; fileRef = 103ADCDC1C85757200D5436D /* SevenYearsTableViewController.swift */; };
		103ADCDF1C86511000D5436D /* SevenYearsTableViewCell.swift in Sources */ = {isa = PBXBuildFile; fileRef = 103ADCDE1C86511000D5436D /* SevenYearsTableViewCell.swift */; };
		103ADCE11C86516E00D5436D /* SevenYears.swift in Sources */ = {isa = PBXBuildFile; fileRef = 103ADCE01C86516E00D5436D /* SevenYears.swift */; };
		103ADCF61C86527F00D5436D /* Additions.swift in Sources */ = {isa = PBXBuildFile; fileRef = 103ADCE31C86527F00D5436D /* Additions.swift */; };
		103ADCF71C86527F00D5436D /* DateInRegion+Comparisons.swift in Sources */ = {isa = PBXBuildFile; fileRef = 103ADCE41C86527F00D5436D /* DateInRegion+Comparisons.swift */; };
		103ADCF81C86527F00D5436D /* DateInRegion+Components.swift in Sources */ = {isa = PBXBuildFile; fileRef = 103ADCE51C86527F00D5436D /* DateInRegion+Components.swift */; };
		103ADCF91C86527F00D5436D /* DateInRegion+Equations.swift in Sources */ = {isa = PBXBuildFile; fileRef = 103ADCE61C86527F00D5436D /* DateInRegion+Equations.swift */; };
		103ADCFA1C86527F00D5436D /* DateInRegion+Formatter.swift in Sources */ = {isa = PBXBuildFile; fileRef = 103ADCE71C86527F00D5436D /* DateInRegion+Formatter.swift */; };
		103ADCFB1C86527F00D5436D /* DateInRegion+NSDatePort.swift in Sources */ = {isa = PBXBuildFile; fileRef = 103ADCE81C86527F00D5436D /* DateInRegion+NSDatePort.swift */; };
		103ADCFC1C86527F00D5436D /* DateInRegion+Operations.swift in Sources */ = {isa = PBXBuildFile; fileRef = 103ADCE91C86527F00D5436D /* DateInRegion+Operations.swift */; };
		103ADCFD1C86527F00D5436D /* DateInRegion+StartEnd.swift in Sources */ = {isa = PBXBuildFile; fileRef = 103ADCEA1C86527F00D5436D /* DateInRegion+StartEnd.swift */; };
		103ADCFE1C86527F00D5436D /* DateInRegion.swift in Sources */ = {isa = PBXBuildFile; fileRef = 103ADCEB1C86527F00D5436D /* DateInRegion.swift */; };
		103ADCFF1C86527F00D5436D /* Dictionary+SwiftDate.swift in Sources */ = {isa = PBXBuildFile; fileRef = 103ADCEC1C86527F00D5436D /* Dictionary+SwiftDate.swift */; };
		103ADD001C86527F00D5436D /* NSCalendar+SwiftDate.swift in Sources */ = {isa = PBXBuildFile; fileRef = 103ADCED1C86527F00D5436D /* NSCalendar+SwiftDate.swift */; };
		103ADD011C86527F00D5436D /* NSDate+SwiftDate.swift in Sources */ = {isa = PBXBuildFile; fileRef = 103ADCEE1C86527F00D5436D /* NSDate+SwiftDate.swift */; };
		103ADD021C86527F00D5436D /* NSDateComponents+SwiftDate.swift in Sources */ = {isa = PBXBuildFile; fileRef = 103ADCEF1C86527F00D5436D /* NSDateComponents+SwiftDate.swift */; };
		103ADD031C86527F00D5436D /* NSDateFormatter+SwiftDate.swift in Sources */ = {isa = PBXBuildFile; fileRef = 103ADCF01C86527F00D5436D /* NSDateFormatter+SwiftDate.swift */; };
		103ADD041C86527F00D5436D /* NSDateInterval.swift in Sources */ = {isa = PBXBuildFile; fileRef = 103ADCF11C86527F00D5436D /* NSDateInterval.swift */; };
		103ADD051C86527F00D5436D /* NSLocale+SwiftDate.swift in Sources */ = {isa = PBXBuildFile; fileRef = 103ADCF21C86527F00D5436D /* NSLocale+SwiftDate.swift */; };
		103ADD061C86527F00D5436D /* NSTimeInterval+SwiftDate.swift in Sources */ = {isa = PBXBuildFile; fileRef = 103ADCF31C86527F00D5436D /* NSTimeInterval+SwiftDate.swift */; };
		103ADD071C86527F00D5436D /* NSTimeZone+SwiftDate.swift in Sources */ = {isa = PBXBuildFile; fileRef = 103ADCF41C86527F00D5436D /* NSTimeZone+SwiftDate.swift */; };
		103ADD081C86527F00D5436D /* Region.swift in Sources */ = {isa = PBXBuildFile; fileRef = 103ADCF51C86527F00D5436D /* Region.swift */; };
		103DCEF91C82C41D00197818 /* OneMinuteButton.swift in Sources */ = {isa = PBXBuildFile; fileRef = 103DCEF81C82C41D00197818 /* OneMinuteButton.swift */; };
		10B5D0901C8034E000122044 /* KYCircularProgress.swift in Sources */ = {isa = PBXBuildFile; fileRef = 10B5D08F1C8034E000122044 /* KYCircularProgress.swift */; };
		10B5D0981C80FEBB00122044 /* OneMinuteView.swift in Sources */ = {isa = PBXBuildFile; fileRef = 10B5D0971C80FEBB00122044 /* OneMinuteView.swift */; };
		10CB79CA1C87F12400654FF3 /* LocalAuthentication.framework in Frameworks */ = {isa = PBXBuildFile; fileRef = 10CB79C91C87F12400654FF3 /* LocalAuthentication.framework */; };
		10CB79CC1C882C5F00654FF3 /* PITouchIDManager.swift in Sources */ = {isa = PBXBuildFile; fileRef = 10CB79CB1C882C5F00654FF3 /* PITouchIDManager.swift */; };
		10CB79CE1C88307800654FF3 /* TouchIDAuthViewController.swift in Sources */ = {isa = PBXBuildFile; fileRef = 10CB79CD1C88307800654FF3 /* TouchIDAuthViewController.swift */; };
		10CB79EE1C89025E00654FF3 /* CALayer+FSExtension.m in Sources */ = {isa = PBXBuildFile; fileRef = 10CB79D11C89025E00654FF3 /* CALayer+FSExtension.m */; };
		10CB79EF1C89025E00654FF3 /* FSCalendar+IBExtension.m in Sources */ = {isa = PBXBuildFile; fileRef = 10CB79D31C89025E00654FF3 /* FSCalendar+IBExtension.m */; };
		10CB79F01C89025E00654FF3 /* FSCalendar.m in Sources */ = {isa = PBXBuildFile; fileRef = 10CB79D51C89025E00654FF3 /* FSCalendar.m */; };
		10CB79F11C89025E00654FF3 /* FSCalendarAppearance.m in Sources */ = {isa = PBXBuildFile; fileRef = 10CB79D71C89025E00654FF3 /* FSCalendarAppearance.m */; };
		10CB79F21C89025E00654FF3 /* FSCalendarCell.m in Sources */ = {isa = PBXBuildFile; fileRef = 10CB79D91C89025E00654FF3 /* FSCalendarCell.m */; };
		10CB79F31C89025E00654FF3 /* FSCalendarCollectionView.m in Sources */ = {isa = PBXBuildFile; fileRef = 10CB79DB1C89025E00654FF3 /* FSCalendarCollectionView.m */; };
		10CB79F41C89025E00654FF3 /* FSCalendarConstance.m in Sources */ = {isa = PBXBuildFile; fileRef = 10CB79DD1C89025E00654FF3 /* FSCalendarConstance.m */; };
		10CB79F51C89025E00654FF3 /* FSCalendarEventIndicator.m in Sources */ = {isa = PBXBuildFile; fileRef = 10CB79E01C89025E00654FF3 /* FSCalendarEventIndicator.m */; };
		10CB79F61C89025E00654FF3 /* FSCalendarFlowLayout.m in Sources */ = {isa = PBXBuildFile; fileRef = 10CB79E21C89025E00654FF3 /* FSCalendarFlowLayout.m */; };
		10CB79F71C89025E00654FF3 /* FSCalendarHeader.m in Sources */ = {isa = PBXBuildFile; fileRef = 10CB79E41C89025E00654FF3 /* FSCalendarHeader.m */; };
		10CB79F81C89025E00654FF3 /* FSCalendarStickyHeader.m in Sources */ = {isa = PBXBuildFile; fileRef = 10CB79E61C89025E00654FF3 /* FSCalendarStickyHeader.m */; };
		10CB79F91C89025E00654FF3 /* Info.plist in Resources */ = {isa = PBXBuildFile; fileRef = 10CB79E71C89025E00654FF3 /* Info.plist */; };
		10CB79FA1C89025E00654FF3 /* NSDate+FSExtension.m in Sources */ = {isa = PBXBuildFile; fileRef = 10CB79E91C89025E00654FF3 /* NSDate+FSExtension.m */; };
		10CB79FB1C89025E00654FF3 /* NSString+FSExtension.m in Sources */ = {isa = PBXBuildFile; fileRef = 10CB79EB1C89025E00654FF3 /* NSString+FSExtension.m */; };
		10CB79FC1C89025E00654FF3 /* UIView+FSExtension.m in Sources */ = {isa = PBXBuildFile; fileRef = 10CB79ED1C89025E00654FF3 /* UIView+FSExtension.m */; };
		10CB7A011C8909C000654FF3 /* CalendarViewController.swift in Sources */ = {isa = PBXBuildFile; fileRef = 10CB7A001C8909C000654FF3 /* CalendarViewController.swift */; };
		10F082C21C5D83A2006C9BD1 /* AppDelegate.swift in Sources */ = {isa = PBXBuildFile; fileRef = 10F082C11C5D83A2006C9BD1 /* AppDelegate.swift */; };
		10F082C71C5D83A2006C9BD1 /* Main.storyboard in Resources */ = {isa = PBXBuildFile; fileRef = 10F082C51C5D83A2006C9BD1 /* Main.storyboard */; };
		10F082CA1C5D83A2006C9BD1 /* OneMinute.xcdatamodeld in Sources */ = {isa = PBXBuildFile; fileRef = 10F082C81C5D83A2006C9BD1 /* OneMinute.xcdatamodeld */; };
		10F082CF1C5D83A2006C9BD1 /* LaunchScreen.storyboard in Resources */ = {isa = PBXBuildFile; fileRef = 10F082CD1C5D83A2006C9BD1 /* LaunchScreen.storyboard */; };
		10F082DA1C5D83A2006C9BD1 /* OneMinuteTests.swift in Sources */ = {isa = PBXBuildFile; fileRef = 10F082D91C5D83A2006C9BD1 /* OneMinuteTests.swift */; };
		10F082E51C5D83A2006C9BD1 /* OneMinuteUITests.swift in Sources */ = {isa = PBXBuildFile; fileRef = 10F082E41C5D83A2006C9BD1 /* OneMinuteUITests.swift */; };
/* End PBXBuildFile section */

/* Begin PBXContainerItemProxy section */
		10F082D61C5D83A2006C9BD1 /* PBXContainerItemProxy */ = {
			isa = PBXContainerItemProxy;
			containerPortal = 10F082B61C5D83A2006C9BD1 /* Project object */;
			proxyType = 1;
			remoteGlobalIDString = 10F082BD1C5D83A2006C9BD1;
			remoteInfo = OneMinute;
		};
		10F082E11C5D83A2006C9BD1 /* PBXContainerItemProxy */ = {
			isa = PBXContainerItemProxy;
			containerPortal = 10F082B61C5D83A2006C9BD1 /* Project object */;
			proxyType = 1;
			remoteGlobalIDString = 10F082BD1C5D83A2006C9BD1;
			remoteInfo = OneMinute;
		};
/* End PBXContainerItemProxy section */

/* Begin PBXFileReference section */
		1018A5F21C7E979B006F6AB0 /* OneMinuteViewController.swift */ = {isa = PBXFileReference; fileEncoding = 4; lastKnownFileType = sourcecode.swift; path = OneMinuteViewController.swift; sourceTree = "<group>"; };
		103ADCDC1C85757200D5436D /* SevenYearsTableViewController.swift */ = {isa = PBXFileReference; fileEncoding = 4; lastKnownFileType = sourcecode.swift; path = SevenYearsTableViewController.swift; sourceTree = "<group>"; };
		103ADCDE1C86511000D5436D /* SevenYearsTableViewCell.swift */ = {isa = PBXFileReference; fileEncoding = 4; lastKnownFileType = sourcecode.swift; path = SevenYearsTableViewCell.swift; sourceTree = "<group>"; };
		103ADCE01C86516E00D5436D /* SevenYears.swift */ = {isa = PBXFileReference; fileEncoding = 4; lastKnownFileType = sourcecode.swift; path = SevenYears.swift; sourceTree = "<group>"; };
		103ADCE31C86527F00D5436D /* Additions.swift */ = {isa = PBXFileReference; fileEncoding = 4; lastKnownFileType = sourcecode.swift; path = Additions.swift; sourceTree = "<group>"; };
		103ADCE41C86527F00D5436D /* DateInRegion+Comparisons.swift */ = {isa = PBXFileReference; fileEncoding = 4; lastKnownFileType = sourcecode.swift; path = "DateInRegion+Comparisons.swift"; sourceTree = "<group>"; };
		103ADCE51C86527F00D5436D /* DateInRegion+Components.swift */ = {isa = PBXFileReference; fileEncoding = 4; lastKnownFileType = sourcecode.swift; path = "DateInRegion+Components.swift"; sourceTree = "<group>"; };
		103ADCE61C86527F00D5436D /* DateInRegion+Equations.swift */ = {isa = PBXFileReference; fileEncoding = 4; lastKnownFileType = sourcecode.swift; path = "DateInRegion+Equations.swift"; sourceTree = "<group>"; };
		103ADCE71C86527F00D5436D /* DateInRegion+Formatter.swift */ = {isa = PBXFileReference; fileEncoding = 4; lastKnownFileType = sourcecode.swift; path = "DateInRegion+Formatter.swift"; sourceTree = "<group>"; };
		103ADCE81C86527F00D5436D /* DateInRegion+NSDatePort.swift */ = {isa = PBXFileReference; fileEncoding = 4; lastKnownFileType = sourcecode.swift; path = "DateInRegion+NSDatePort.swift"; sourceTree = "<group>"; };
		103ADCE91C86527F00D5436D /* DateInRegion+Operations.swift */ = {isa = PBXFileReference; fileEncoding = 4; lastKnownFileType = sourcecode.swift; path = "DateInRegion+Operations.swift"; sourceTree = "<group>"; };
		103ADCEA1C86527F00D5436D /* DateInRegion+StartEnd.swift */ = {isa = PBXFileReference; fileEncoding = 4; lastKnownFileType = sourcecode.swift; path = "DateInRegion+StartEnd.swift"; sourceTree = "<group>"; };
		103ADCEB1C86527F00D5436D /* DateInRegion.swift */ = {isa = PBXFileReference; fileEncoding = 4; lastKnownFileType = sourcecode.swift; path = DateInRegion.swift; sourceTree = "<group>"; };
		103ADCEC1C86527F00D5436D /* Dictionary+SwiftDate.swift */ = {isa = PBXFileReference; fileEncoding = 4; lastKnownFileType = sourcecode.swift; path = "Dictionary+SwiftDate.swift"; sourceTree = "<group>"; };
		103ADCED1C86527F00D5436D /* NSCalendar+SwiftDate.swift */ = {isa = PBXFileReference; fileEncoding = 4; lastKnownFileType = sourcecode.swift; path = "NSCalendar+SwiftDate.swift"; sourceTree = "<group>"; };
		103ADCEE1C86527F00D5436D /* NSDate+SwiftDate.swift */ = {isa = PBXFileReference; fileEncoding = 4; lastKnownFileType = sourcecode.swift; path = "NSDate+SwiftDate.swift"; sourceTree = "<group>"; };
		103ADCEF1C86527F00D5436D /* NSDateComponents+SwiftDate.swift */ = {isa = PBXFileReference; fileEncoding = 4; lastKnownFileType = sourcecode.swift; path = "NSDateComponents+SwiftDate.swift"; sourceTree = "<group>"; };
		103ADCF01C86527F00D5436D /* NSDateFormatter+SwiftDate.swift */ = {isa = PBXFileReference; fileEncoding = 4; lastKnownFileType = sourcecode.swift; path = "NSDateFormatter+SwiftDate.swift"; sourceTree = "<group>"; };
		103ADCF11C86527F00D5436D /* NSDateInterval.swift */ = {isa = PBXFileReference; fileEncoding = 4; lastKnownFileType = sourcecode.swift; path = NSDateInterval.swift; sourceTree = "<group>"; };
		103ADCF21C86527F00D5436D /* NSLocale+SwiftDate.swift */ = {isa = PBXFileReference; fileEncoding = 4; lastKnownFileType = sourcecode.swift; path = "NSLocale+SwiftDate.swift"; sourceTree = "<group>"; };
		103ADCF31C86527F00D5436D /* NSTimeInterval+SwiftDate.swift */ = {isa = PBXFileReference; fileEncoding = 4; lastKnownFileType = sourcecode.swift; path = "NSTimeInterval+SwiftDate.swift"; sourceTree = "<group>"; };
		103ADCF41C86527F00D5436D /* NSTimeZone+SwiftDate.swift */ = {isa = PBXFileReference; fileEncoding = 4; lastKnownFileType = sourcecode.swift; path = "NSTimeZone+SwiftDate.swift"; sourceTree = "<group>"; };
		103ADCF51C86527F00D5436D /* Region.swift */ = {isa = PBXFileReference; fileEncoding = 4; lastKnownFileType = sourcecode.swift; path = Region.swift; sourceTree = "<group>"; };
		103DCEF81C82C41D00197818 /* OneMinuteButton.swift */ = {isa = PBXFileReference; fileEncoding = 4; lastKnownFileType = sourcecode.swift; path = OneMinuteButton.swift; sourceTree = "<group>"; };
		10B5D08F1C8034E000122044 /* KYCircularProgress.swift */ = {isa = PBXFileReference; fileEncoding = 4; lastKnownFileType = sourcecode.swift; path = KYCircularProgress.swift; sourceTree = "<group>"; };
		10B5D0971C80FEBB00122044 /* OneMinuteView.swift */ = {isa = PBXFileReference; fileEncoding = 4; lastKnownFileType = sourcecode.swift; path = OneMinuteView.swift; sourceTree = "<group>"; };
		10CB79C91C87F12400654FF3 /* LocalAuthentication.framework */ = {isa = PBXFileReference; lastKnownFileType = wrapper.framework; name = LocalAuthentication.framework; path = System/Library/Frameworks/LocalAuthentication.framework; sourceTree = SDKROOT; };
		10CB79CB1C882C5F00654FF3 /* PITouchIDManager.swift */ = {isa = PBXFileReference; fileEncoding = 4; lastKnownFileType = sourcecode.swift; path = PITouchIDManager.swift; sourceTree = "<group>"; };
		10CB79CD1C88307800654FF3 /* TouchIDAuthViewController.swift */ = {isa = PBXFileReference; fileEncoding = 4; lastKnownFileType = sourcecode.swift; path = TouchIDAuthViewController.swift; sourceTree = "<group>"; };
		10CB79D01C89025E00654FF3 /* CALayer+FSExtension.h */ = {isa = PBXFileReference; fileEncoding = 4; lastKnownFileType = sourcecode.c.h; path = "CALayer+FSExtension.h"; sourceTree = "<group>"; };
		10CB79D11C89025E00654FF3 /* CALayer+FSExtension.m */ = {isa = PBXFileReference; fileEncoding = 4; lastKnownFileType = sourcecode.c.objc; path = "CALayer+FSExtension.m"; sourceTree = "<group>"; };
		10CB79D21C89025E00654FF3 /* FSCalendar+IBExtension.h */ = {isa = PBXFileReference; fileEncoding = 4; lastKnownFileType = sourcecode.c.h; path = "FSCalendar+IBExtension.h"; sourceTree = "<group>"; };
		10CB79D31C89025E00654FF3 /* FSCalendar+IBExtension.m */ = {isa = PBXFileReference; fileEncoding = 4; lastKnownFileType = sourcecode.c.objc; path = "FSCalendar+IBExtension.m"; sourceTree = "<group>"; };
		10CB79D41C89025E00654FF3 /* FSCalendar.h */ = {isa = PBXFileReference; fileEncoding = 4; lastKnownFileType = sourcecode.c.h; path = FSCalendar.h; sourceTree = "<group>"; };
		10CB79D51C89025E00654FF3 /* FSCalendar.m */ = {isa = PBXFileReference; fileEncoding = 4; lastKnownFileType = sourcecode.c.objc; path = FSCalendar.m; sourceTree = "<group>"; };
		10CB79D61C89025E00654FF3 /* FSCalendarAppearance.h */ = {isa = PBXFileReference; fileEncoding = 4; lastKnownFileType = sourcecode.c.h; path = FSCalendarAppearance.h; sourceTree = "<group>"; };
		10CB79D71C89025E00654FF3 /* FSCalendarAppearance.m */ = {isa = PBXFileReference; fileEncoding = 4; lastKnownFileType = sourcecode.c.objc; path = FSCalendarAppearance.m; sourceTree = "<group>"; };
		10CB79D81C89025E00654FF3 /* FSCalendarCell.h */ = {isa = PBXFileReference; fileEncoding = 4; lastKnownFileType = sourcecode.c.h; path = FSCalendarCell.h; sourceTree = "<group>"; };
		10CB79D91C89025E00654FF3 /* FSCalendarCell.m */ = {isa = PBXFileReference; fileEncoding = 4; lastKnownFileType = sourcecode.c.objc; path = FSCalendarCell.m; sourceTree = "<group>"; };
		10CB79DA1C89025E00654FF3 /* FSCalendarCollectionView.h */ = {isa = PBXFileReference; fileEncoding = 4; lastKnownFileType = sourcecode.c.h; path = FSCalendarCollectionView.h; sourceTree = "<group>"; };
		10CB79DB1C89025E00654FF3 /* FSCalendarCollectionView.m */ = {isa = PBXFileReference; fileEncoding = 4; lastKnownFileType = sourcecode.c.objc; path = FSCalendarCollectionView.m; sourceTree = "<group>"; };
		10CB79DC1C89025E00654FF3 /* FSCalendarConstance.h */ = {isa = PBXFileReference; fileEncoding = 4; lastKnownFileType = sourcecode.c.h; path = FSCalendarConstance.h; sourceTree = "<group>"; };
		10CB79DD1C89025E00654FF3 /* FSCalendarConstance.m */ = {isa = PBXFileReference; fileEncoding = 4; lastKnownFileType = sourcecode.c.objc; path = FSCalendarConstance.m; sourceTree = "<group>"; };
		10CB79DE1C89025E00654FF3 /* FSCalendarDynamicHeader.h */ = {isa = PBXFileReference; fileEncoding = 4; lastKnownFileType = sourcecode.c.h; path = FSCalendarDynamicHeader.h; sourceTree = "<group>"; };
		10CB79DF1C89025E00654FF3 /* FSCalendarEventIndicator.h */ = {isa = PBXFileReference; fileEncoding = 4; lastKnownFileType = sourcecode.c.h; path = FSCalendarEventIndicator.h; sourceTree = "<group>"; };
		10CB79E01C89025E00654FF3 /* FSCalendarEventIndicator.m */ = {isa = PBXFileReference; fileEncoding = 4; lastKnownFileType = sourcecode.c.objc; path = FSCalendarEventIndicator.m; sourceTree = "<group>"; };
		10CB79E11C89025E00654FF3 /* FSCalendarFlowLayout.h */ = {isa = PBXFileReference; fileEncoding = 4; lastKnownFileType = sourcecode.c.h; path = FSCalendarFlowLayout.h; sourceTree = "<group>"; };
		10CB79E21C89025E00654FF3 /* FSCalendarFlowLayout.m */ = {isa = PBXFileReference; fileEncoding = 4; lastKnownFileType = sourcecode.c.objc; path = FSCalendarFlowLayout.m; sourceTree = "<group>"; };
		10CB79E31C89025E00654FF3 /* FSCalendarHeader.h */ = {isa = PBXFileReference; fileEncoding = 4; lastKnownFileType = sourcecode.c.h; path = FSCalendarHeader.h; sourceTree = "<group>"; };
		10CB79E41C89025E00654FF3 /* FSCalendarHeader.m */ = {isa = PBXFileReference; fileEncoding = 4; lastKnownFileType = sourcecode.c.objc; path = FSCalendarHeader.m; sourceTree = "<group>"; };
		10CB79E51C89025E00654FF3 /* FSCalendarStickyHeader.h */ = {isa = PBXFileReference; fileEncoding = 4; lastKnownFileType = sourcecode.c.h; path = FSCalendarStickyHeader.h; sourceTree = "<group>"; };
		10CB79E61C89025E00654FF3 /* FSCalendarStickyHeader.m */ = {isa = PBXFileReference; fileEncoding = 4; lastKnownFileType = sourcecode.c.objc; path = FSCalendarStickyHeader.m; sourceTree = "<group>"; };
		10CB79E71C89025E00654FF3 /* Info.plist */ = {isa = PBXFileReference; fileEncoding = 4; lastKnownFileType = text.plist.xml; path = Info.plist; sourceTree = "<group>"; };
		10CB79E81C89025E00654FF3 /* NSDate+FSExtension.h */ = {isa = PBXFileReference; fileEncoding = 4; lastKnownFileType = sourcecode.c.h; path = "NSDate+FSExtension.h"; sourceTree = "<group>"; };
		10CB79E91C89025E00654FF3 /* NSDate+FSExtension.m */ = {isa = PBXFileReference; fileEncoding = 4; lastKnownFileType = sourcecode.c.objc; path = "NSDate+FSExtension.m"; sourceTree = "<group>"; };
		10CB79EA1C89025E00654FF3 /* NSString+FSExtension.h */ = {isa = PBXFileReference; fileEncoding = 4; lastKnownFileType = sourcecode.c.h; path = "NSString+FSExtension.h"; sourceTree = "<group>"; };
		10CB79EB1C89025E00654FF3 /* NSString+FSExtension.m */ = {isa = PBXFileReference; fileEncoding = 4; lastKnownFileType = sourcecode.c.objc; path = "NSString+FSExtension.m"; sourceTree = "<group>"; };
		10CB79EC1C89025E00654FF3 /* UIView+FSExtension.h */ = {isa = PBXFileReference; fileEncoding = 4; lastKnownFileType = sourcecode.c.h; path = "UIView+FSExtension.h"; sourceTree = "<group>"; };
		10CB79ED1C89025E00654FF3 /* UIView+FSExtension.m */ = {isa = PBXFileReference; fileEncoding = 4; lastKnownFileType = sourcecode.c.objc; path = "UIView+FSExtension.m"; sourceTree = "<group>"; };
		10CB79FD1C89067500654FF3 /* OneMinute-Bridging-Header.h */ = {isa = PBXFileReference; lastKnownFileType = sourcecode.c.h; path = "OneMinute-Bridging-Header.h"; sourceTree = "<group>"; };
		10CB7A001C8909C000654FF3 /* CalendarViewController.swift */ = {isa = PBXFileReference; fileEncoding = 4; lastKnownFileType = sourcecode.swift; path = CalendarViewController.swift; sourceTree = "<group>"; };
		10F082BE1C5D83A2006C9BD1 /* OneMinute.app */ = {isa = PBXFileReference; explicitFileType = wrapper.application; includeInIndex = 0; path = OneMinute.app; sourceTree = BUILT_PRODUCTS_DIR; };
		10F082C11C5D83A2006C9BD1 /* AppDelegate.swift */ = {isa = PBXFileReference; lastKnownFileType = sourcecode.swift; path = AppDelegate.swift; sourceTree = "<group>"; };
		10F082C61C5D83A2006C9BD1 /* Base */ = {isa = PBXFileReference; lastKnownFileType = file.storyboard; name = Base; path = Base.lproj/Main.storyboard; sourceTree = "<group>"; };
		10F082C91C5D83A2006C9BD1 /* OneMinute.xcdatamodel */ = {isa = PBXFileReference; lastKnownFileType = wrapper.xcdatamodel; path = OneMinute.xcdatamodel; sourceTree = "<group>"; };
		10F082CE1C5D83A2006C9BD1 /* Base */ = {isa = PBXFileReference; lastKnownFileType = file.storyboard; name = Base; path = Base.lproj/LaunchScreen.storyboard; sourceTree = "<group>"; };
		10F082D01C5D83A2006C9BD1 /* Info.plist */ = {isa = PBXFileReference; lastKnownFileType = text.plist.xml; path = Info.plist; sourceTree = "<group>"; };
		10F082D51C5D83A2006C9BD1 /* OneMinuteTests.xctest */ = {isa = PBXFileReference; explicitFileType = wrapper.cfbundle; includeInIndex = 0; path = OneMinuteTests.xctest; sourceTree = BUILT_PRODUCTS_DIR; };
		10F082D91C5D83A2006C9BD1 /* OneMinuteTests.swift */ = {isa = PBXFileReference; lastKnownFileType = sourcecode.swift; path = OneMinuteTests.swift; sourceTree = "<group>"; };
		10F082DB1C5D83A2006C9BD1 /* Info.plist */ = {isa = PBXFileReference; lastKnownFileType = text.plist.xml; path = Info.plist; sourceTree = "<group>"; };
		10F082E01C5D83A2006C9BD1 /* OneMinuteUITests.xctest */ = {isa = PBXFileReference; explicitFileType = wrapper.cfbundle; includeInIndex = 0; path = OneMinuteUITests.xctest; sourceTree = BUILT_PRODUCTS_DIR; };
		10F082E41C5D83A2006C9BD1 /* OneMinuteUITests.swift */ = {isa = PBXFileReference; lastKnownFileType = sourcecode.swift; path = OneMinuteUITests.swift; sourceTree = "<group>"; };
		10F082E61C5D83A3006C9BD1 /* Info.plist */ = {isa = PBXFileReference; lastKnownFileType = text.plist.xml; path = Info.plist; sourceTree = "<group>"; };
/* End PBXFileReference section */

/* Begin PBXFrameworksBuildPhase section */
		10F082BB1C5D83A2006C9BD1 /* Frameworks */ = {
			isa = PBXFrameworksBuildPhase;
			buildActionMask = 2147483647;
			files = (
				10CB79CA1C87F12400654FF3 /* LocalAuthentication.framework in Frameworks */,
			);
			runOnlyForDeploymentPostprocessing = 0;
		};
		10F082D21C5D83A2006C9BD1 /* Frameworks */ = {
			isa = PBXFrameworksBuildPhase;
			buildActionMask = 2147483647;
			files = (
			);
			runOnlyForDeploymentPostprocessing = 0;
		};
		10F082DD1C5D83A2006C9BD1 /* Frameworks */ = {
			isa = PBXFrameworksBuildPhase;
			buildActionMask = 2147483647;
			files = (
			);
			runOnlyForDeploymentPostprocessing = 0;
		};
/* End PBXFrameworksBuildPhase section */

/* Begin PBXGroup section */
		1018A5EF1C7E9770006F6AB0 /* Models */ = {
			isa = PBXGroup;
			children = (
				103ADCE01C86516E00D5436D /* SevenYears.swift */,
			);
			path = Models;
			sourceTree = "<group>";
		};
		1018A5F01C7E9770006F6AB0 /* Controllers */ = {
			isa = PBXGroup;
			children = (
				1018A5F21C7E979B006F6AB0 /* OneMinuteViewController.swift */,
				103ADCDC1C85757200D5436D /* SevenYearsTableViewController.swift */,
				10CB79CD1C88307800654FF3 /* TouchIDAuthViewController.swift */,
				10CB7A001C8909C000654FF3 /* CalendarViewController.swift */,
			);
			path = Controllers;
			sourceTree = "<group>";
		};
		1018A5F11C7E9770006F6AB0 /* Views */ = {
			isa = PBXGroup;
			children = (
				10B5D0971C80FEBB00122044 /* OneMinuteView.swift */,
				103DCEF81C82C41D00197818 /* OneMinuteButton.swift */,
				103ADCDE1C86511000D5436D /* SevenYearsTableViewCell.swift */,
			);
			path = Views;
			sourceTree = "<group>";
		};
		103ADCE21C86527F00D5436D /* SwiftDate */ = {
			isa = PBXGroup;
			children = (
				103ADCE31C86527F00D5436D /* Additions.swift */,
				103ADCE41C86527F00D5436D /* DateInRegion+Comparisons.swift */,
				103ADCE51C86527F00D5436D /* DateInRegion+Components.swift */,
				103ADCE61C86527F00D5436D /* DateInRegion+Equations.swift */,
				103ADCE71C86527F00D5436D /* DateInRegion+Formatter.swift */,
				103ADCE81C86527F00D5436D /* DateInRegion+NSDatePort.swift */,
				103ADCE91C86527F00D5436D /* DateInRegion+Operations.swift */,
				103ADCEA1C86527F00D5436D /* DateInRegion+StartEnd.swift */,
				103ADCEB1C86527F00D5436D /* DateInRegion.swift */,
				103ADCEC1C86527F00D5436D /* Dictionary+SwiftDate.swift */,
				103ADCED1C86527F00D5436D /* NSCalendar+SwiftDate.swift */,
				103ADCEE1C86527F00D5436D /* NSDate+SwiftDate.swift */,
				103ADCEF1C86527F00D5436D /* NSDateComponents+SwiftDate.swift */,
				103ADCF01C86527F00D5436D /* NSDateFormatter+SwiftDate.swift */,
				103ADCF11C86527F00D5436D /* NSDateInterval.swift */,
				103ADCF21C86527F00D5436D /* NSLocale+SwiftDate.swift */,
				103ADCF31C86527F00D5436D /* NSTimeInterval+SwiftDate.swift */,
				103ADCF41C86527F00D5436D /* NSTimeZone+SwiftDate.swift */,
				103ADCF51C86527F00D5436D /* Region.swift */,
			);
			path = SwiftDate;
			sourceTree = "<group>";
		};
		10CB79CF1C89025E00654FF3 /* FSCalendar */ = {
			isa = PBXGroup;
			children = (
				10CB79D01C89025E00654FF3 /* CALayer+FSExtension.h */,
				10CB79D11C89025E00654FF3 /* CALayer+FSExtension.m */,
				10CB79D21C89025E00654FF3 /* FSCalendar+IBExtension.h */,
				10CB79D31C89025E00654FF3 /* FSCalendar+IBExtension.m */,
				10CB79D41C89025E00654FF3 /* FSCalendar.h */,
				10CB79D51C89025E00654FF3 /* FSCalendar.m */,
				10CB79D61C89025E00654FF3 /* FSCalendarAppearance.h */,
				10CB79D71C89025E00654FF3 /* FSCalendarAppearance.m */,
				10CB79D81C89025E00654FF3 /* FSCalendarCell.h */,
				10CB79D91C89025E00654FF3 /* FSCalendarCell.m */,
				10CB79DA1C89025E00654FF3 /* FSCalendarCollectionView.h */,
				10CB79DB1C89025E00654FF3 /* FSCalendarCollectionView.m */,
				10CB79DC1C89025E00654FF3 /* FSCalendarConstance.h */,
				10CB79DD1C89025E00654FF3 /* FSCalendarConstance.m */,
				10CB79DE1C89025E00654FF3 /* FSCalendarDynamicHeader.h */,
				10CB79DF1C89025E00654FF3 /* FSCalendarEventIndicator.h */,
				10CB79E01C89025E00654FF3 /* FSCalendarEventIndicator.m */,
				10CB79E11C89025E00654FF3 /* FSCalendarFlowLayout.h */,
				10CB79E21C89025E00654FF3 /* FSCalendarFlowLayout.m */,
				10CB79E31C89025E00654FF3 /* FSCalendarHeader.h */,
				10CB79E41C89025E00654FF3 /* FSCalendarHeader.m */,
				10CB79E51C89025E00654FF3 /* FSCalendarStickyHeader.h */,
				10CB79E61C89025E00654FF3 /* FSCalendarStickyHeader.m */,
				10CB79E81C89025E00654FF3 /* NSDate+FSExtension.h */,
				10CB79E91C89025E00654FF3 /* NSDate+FSExtension.m */,
				10CB79EA1C89025E00654FF3 /* NSString+FSExtension.h */,
				10CB79EB1C89025E00654FF3 /* NSString+FSExtension.m */,
				10CB79EC1C89025E00654FF3 /* UIView+FSExtension.h */,
				10CB79ED1C89025E00654FF3 /* UIView+FSExtension.m */,
				10CB79E71C89025E00654FF3 /* Info.plist */,
			);
			path = FSCalendar;
			sourceTree = "<group>";
		};
		10F082B51C5D83A2006C9BD1 = {
			isa = PBXGroup;
			children = (
				10F082C01C5D83A2006C9BD1 /* OneMinute */,
				10F082D81C5D83A2006C9BD1 /* OneMinuteTests */,
				10F082E31C5D83A2006C9BD1 /* OneMinuteUITests */,
				10F082BF1C5D83A2006C9BD1 /* Products */,
			);
			sourceTree = "<group>";
		};
		10F082BF1C5D83A2006C9BD1 /* Products */ = {
			isa = PBXGroup;
			children = (
				10F082BE1C5D83A2006C9BD1 /* OneMinute.app */,
				10F082D51C5D83A2006C9BD1 /* OneMinuteTests.xctest */,
				10F082E01C5D83A2006C9BD1 /* OneMinuteUITests.xctest */,
			);
			name = Products;
			sourceTree = "<group>";
		};
		10F082C01C5D83A2006C9BD1 /* OneMinute */ = {
			isa = PBXGroup;
			children = (
				10F082F21C5D8449006C9BD1 /* ThirdParty */,
				1018A5EF1C7E9770006F6AB0 /* Models */,
				1018A5F01C7E9770006F6AB0 /* Controllers */,
				1018A5F11C7E9770006F6AB0 /* Views */,
				10F082C11C5D83A2006C9BD1 /* AppDelegate.swift */,
				10F082C51C5D83A2006C9BD1 /* Main.storyboard */,
				10F082CD1C5D83A2006C9BD1 /* LaunchScreen.storyboard */,
				10F082D01C5D83A2006C9BD1 /* Info.plist */,
				10CB79FD1C89067500654FF3 /* OneMinute-Bridging-Header.h */,
				10F082C81C5D83A2006C9BD1 /* OneMinute.xcdatamodeld */,
				10CB79C91C87F12400654FF3 /* LocalAuthentication.framework */,
			);
			path = OneMinute;
			sourceTree = "<group>";
		};
		10F082D81C5D83A2006C9BD1 /* OneMinuteTests */ = {
			isa = PBXGroup;
			children = (
				10F082D91C5D83A2006C9BD1 /* OneMinuteTests.swift */,
				10F082DB1C5D83A2006C9BD1 /* Info.plist */,
			);
			path = OneMinuteTests;
			sourceTree = "<group>";
		};
		10F082E31C5D83A2006C9BD1 /* OneMinuteUITests */ = {
			isa = PBXGroup;
			children = (
				10F082E41C5D83A2006C9BD1 /* OneMinuteUITests.swift */,
				10F082E61C5D83A3006C9BD1 /* Info.plist */,
			);
			path = OneMinuteUITests;
			sourceTree = "<group>";
		};
		10F082F21C5D8449006C9BD1 /* ThirdParty */ = {
			isa = PBXGroup;
			children = (
				10CB79CF1C89025E00654FF3 /* FSCalendar */,
				103ADCE21C86527F00D5436D /* SwiftDate */,
				10CB79CB1C882C5F00654FF3 /* PITouchIDManager.swift */,
				10B5D08F1C8034E000122044 /* KYCircularProgress.swift */,
			);
			path = ThirdParty;
			sourceTree = "<group>";
		};
/* End PBXGroup section */

/* Begin PBXNativeTarget section */
		10F082BD1C5D83A2006C9BD1 /* OneMinute */ = {
			isa = PBXNativeTarget;
			buildConfigurationList = 10F082E91C5D83A3006C9BD1 /* Build configuration list for PBXNativeTarget "OneMinute" */;
			buildPhases = (
				10F082BA1C5D83A2006C9BD1 /* Sources */,
				10F082BB1C5D83A2006C9BD1 /* Frameworks */,
				10F082BC1C5D83A2006C9BD1 /* Resources */,
			);
			buildRules = (
			);
			dependencies = (
			);
			name = OneMinute;
			productName = OneMinute;
			productReference = 10F082BE1C5D83A2006C9BD1 /* OneMinute.app */;
			productType = "com.apple.product-type.application";
		};
		10F082D41C5D83A2006C9BD1 /* OneMinuteTests */ = {
			isa = PBXNativeTarget;
			buildConfigurationList = 10F082EC1C5D83A3006C9BD1 /* Build configuration list for PBXNativeTarget "OneMinuteTests" */;
			buildPhases = (
				10F082D11C5D83A2006C9BD1 /* Sources */,
				10F082D21C5D83A2006C9BD1 /* Frameworks */,
				10F082D31C5D83A2006C9BD1 /* Resources */,
			);
			buildRules = (
			);
			dependencies = (
				10F082D71C5D83A2006C9BD1 /* PBXTargetDependency */,
			);
			name = OneMinuteTests;
			productName = OneMinuteTests;
			productReference = 10F082D51C5D83A2006C9BD1 /* OneMinuteTests.xctest */;
			productType = "com.apple.product-type.bundle.unit-test";
		};
		10F082DF1C5D83A2006C9BD1 /* OneMinuteUITests */ = {
			isa = PBXNativeTarget;
			buildConfigurationList = 10F082EF1C5D83A3006C9BD1 /* Build configuration list for PBXNativeTarget "OneMinuteUITests" */;
			buildPhases = (
				10F082DC1C5D83A2006C9BD1 /* Sources */,
				10F082DD1C5D83A2006C9BD1 /* Frameworks */,
				10F082DE1C5D83A2006C9BD1 /* Resources */,
			);
			buildRules = (
			);
			dependencies = (
				10F082E21C5D83A2006C9BD1 /* PBXTargetDependency */,
			);
			name = OneMinuteUITests;
			productName = OneMinuteUITests;
			productReference = 10F082E01C5D83A2006C9BD1 /* OneMinuteUITests.xctest */;
			productType = "com.apple.product-type.bundle.ui-testing";
		};
/* End PBXNativeTarget section */

/* Begin PBXProject section */
		10F082B61C5D83A2006C9BD1 /* Project object */ = {
			isa = PBXProject;
			attributes = {
				LastSwiftUpdateCheck = 0720;
				LastUpgradeCheck = 0720;
				ORGANIZATIONNAME = zwq;
				TargetAttributes = {
					10F082BD1C5D83A2006C9BD1 = {
						CreatedOnToolsVersion = 7.2;
						DevelopmentTeam = W8Z5PW2FDD;
						SystemCapabilities = {
							com.apple.BackgroundModes = {
								enabled = 1;
							};
						};
					};
					10F082D41C5D83A2006C9BD1 = {
						CreatedOnToolsVersion = 7.2;
						DevelopmentTeam = W8Z5PW2FDD;
						TestTargetID = 10F082BD1C5D83A2006C9BD1;
					};
					10F082DF1C5D83A2006C9BD1 = {
						CreatedOnToolsVersion = 7.2;
						DevelopmentTeam = W8Z5PW2FDD;
						TestTargetID = 10F082BD1C5D83A2006C9BD1;
					};
				};
			};
			buildConfigurationList = 10F082B91C5D83A2006C9BD1 /* Build configuration list for PBXProject "OneMinute" */;
			compatibilityVersion = "Xcode 3.2";
			developmentRegion = English;
			hasScannedForEncodings = 0;
			knownRegions = (
				en,
				Base,
			);
			mainGroup = 10F082B51C5D83A2006C9BD1;
			productRefGroup = 10F082BF1C5D83A2006C9BD1 /* Products */;
			projectDirPath = "";
			projectRoot = "";
			targets = (
				10F082BD1C5D83A2006C9BD1 /* OneMinute */,
				10F082D41C5D83A2006C9BD1 /* OneMinuteTests */,
				10F082DF1C5D83A2006C9BD1 /* OneMinuteUITests */,
			);
		};
/* End PBXProject section */

/* Begin PBXResourcesBuildPhase section */
		10F082BC1C5D83A2006C9BD1 /* Resources */ = {
			isa = PBXResourcesBuildPhase;
			buildActionMask = 2147483647;
			files = (
				10F082CF1C5D83A2006C9BD1 /* LaunchScreen.storyboard in Resources */,
				10F082C71C5D83A2006C9BD1 /* Main.storyboard in Resources */,
				10CB79F91C89025E00654FF3 /* Info.plist in Resources */,
			);
			runOnlyForDeploymentPostprocessing = 0;
		};
		10F082D31C5D83A2006C9BD1 /* Resources */ = {
			isa = PBXResourcesBuildPhase;
			buildActionMask = 2147483647;
			files = (
			);
			runOnlyForDeploymentPostprocessing = 0;
		};
		10F082DE1C5D83A2006C9BD1 /* Resources */ = {
			isa = PBXResourcesBuildPhase;
			buildActionMask = 2147483647;
			files = (
			);
			runOnlyForDeploymentPostprocessing = 0;
		};
/* End PBXResourcesBuildPhase section */

/* Begin PBXSourcesBuildPhase section */
		10F082BA1C5D83A2006C9BD1 /* Sources */ = {
			isa = PBXSourcesBuildPhase;
			buildActionMask = 2147483647;
			files = (
				103ADD071C86527F00D5436D /* NSTimeZone+SwiftDate.swift in Sources */,
				103ADCFC1C86527F00D5436D /* DateInRegion+Operations.swift in Sources */,
				10CB79F01C89025E00654FF3 /* FSCalendar.m in Sources */,
				103ADCF71C86527F00D5436D /* DateInRegion+Comparisons.swift in Sources */,
				10CB79F81C89025E00654FF3 /* FSCalendarStickyHeader.m in Sources */,
				103ADD001C86527F00D5436D /* NSCalendar+SwiftDate.swift in Sources */,
				103ADCFD1C86527F00D5436D /* DateInRegion+StartEnd.swift in Sources */,
				10CB79F61C89025E00654FF3 /* FSCalendarFlowLayout.m in Sources */,
				103ADCFB1C86527F00D5436D /* DateInRegion+NSDatePort.swift in Sources */,
				103ADCFE1C86527F00D5436D /* DateInRegion.swift in Sources */,
				103ADCDF1C86511000D5436D /* SevenYearsTableViewCell.swift in Sources */,
				10CB79F51C89025E00654FF3 /* FSCalendarEventIndicator.m in Sources */,
				103ADCF61C86527F00D5436D /* Additions.swift in Sources */,
				10CB79EE1C89025E00654FF3 /* CALayer+FSExtension.m in Sources */,
				103ADCDD1C85757200D5436D /* SevenYearsTableViewController.swift in Sources */,
				10CB7A011C8909C000654FF3 /* CalendarViewController.swift in Sources */,
				10CB79F11C89025E00654FF3 /* FSCalendarAppearance.m in Sources */,
				103ADCF91C86527F00D5436D /* DateInRegion+Equations.swift in Sources */,
				103ADD081C86527F00D5436D /* Region.swift in Sources */,
				10CB79F71C89025E00654FF3 /* FSCalendarHeader.m in Sources */,
				103ADD021C86527F00D5436D /* NSDateComponents+SwiftDate.swift in Sources */,
				10CB79FB1C89025E00654FF3 /* NSString+FSExtension.m in Sources */,
				103ADD041C86527F00D5436D /* NSDateInterval.swift in Sources */,
				10F082CA1C5D83A2006C9BD1 /* OneMinute.xcdatamodeld in Sources */,
				10B5D0901C8034E000122044 /* KYCircularProgress.swift in Sources */,
				103ADCFA1C86527F00D5436D /* DateInRegion+Formatter.swift in Sources */,
				103ADCF81C86527F00D5436D /* DateInRegion+Components.swift in Sources */,
				103ADD061C86527F00D5436D /* NSTimeInterval+SwiftDate.swift in Sources */,
				103ADCE11C86516E00D5436D /* SevenYears.swift in Sources */,
				103DCEF91C82C41D00197818 /* OneMinuteButton.swift in Sources */,
				103ADCFF1C86527F00D5436D /* Dictionary+SwiftDate.swift in Sources */,
				10CB79CC1C882C5F00654FF3 /* PITouchIDManager.swift in Sources */,
				10CB79F41C89025E00654FF3 /* FSCalendarConstance.m in Sources */,
				10B5D0981C80FEBB00122044 /* OneMinuteView.swift in Sources */,
				10CB79FC1C89025E00654FF3 /* UIView+FSExtension.m in Sources */,
				10CB79EF1C89025E00654FF3 /* FSCalendar+IBExtension.m in Sources */,
				10F082C21C5D83A2006C9BD1 /* AppDelegate.swift in Sources */,
				10CB79F21C89025E00654FF3 /* FSCalendarCell.m in Sources */,
				10CB79CE1C88307800654FF3 /* TouchIDAuthViewController.swift in Sources */,
				10CB79F31C89025E00654FF3 /* FSCalendarCollectionView.m in Sources */,
				103ADD031C86527F00D5436D /* NSDateFormatter+SwiftDate.swift in Sources */,
				103ADD051C86527F00D5436D /* NSLocale+SwiftDate.swift in Sources */,
				10CB79FA1C89025E00654FF3 /* NSDate+FSExtension.m in Sources */,
				1018A5F31C7E979B006F6AB0 /* OneMinuteViewController.swift in Sources */,
				103ADD011C86527F00D5436D /* NSDate+SwiftDate.swift in Sources */,
			);
			runOnlyForDeploymentPostprocessing = 0;
		};
		10F082D11C5D83A2006C9BD1 /* Sources */ = {
			isa = PBXSourcesBuildPhase;
			buildActionMask = 2147483647;
			files = (
				10F082DA1C5D83A2006C9BD1 /* OneMinuteTests.swift in Sources */,
			);
			runOnlyForDeploymentPostprocessing = 0;
		};
		10F082DC1C5D83A2006C9BD1 /* Sources */ = {
			isa = PBXSourcesBuildPhase;
			buildActionMask = 2147483647;
			files = (
				10F082E51C5D83A2006C9BD1 /* OneMinuteUITests.swift in Sources */,
			);
			runOnlyForDeploymentPostprocessing = 0;
		};
/* End PBXSourcesBuildPhase section */

/* Begin PBXTargetDependency section */
		10F082D71C5D83A2006C9BD1 /* PBXTargetDependency */ = {
			isa = PBXTargetDependency;
			target = 10F082BD1C5D83A2006C9BD1 /* OneMinute */;
			targetProxy = 10F082D61C5D83A2006C9BD1 /* PBXContainerItemProxy */;
		};
		10F082E21C5D83A2006C9BD1 /* PBXTargetDependency */ = {
			isa = PBXTargetDependency;
			target = 10F082BD1C5D83A2006C9BD1 /* OneMinute */;
			targetProxy = 10F082E11C5D83A2006C9BD1 /* PBXContainerItemProxy */;
		};
/* End PBXTargetDependency section */

/* Begin PBXVariantGroup section */
		10F082C51C5D83A2006C9BD1 /* Main.storyboard */ = {
			isa = PBXVariantGroup;
			children = (
				10F082C61C5D83A2006C9BD1 /* Base */,
			);
			name = Main.storyboard;
			sourceTree = "<group>";
		};
		10F082CD1C5D83A2006C9BD1 /* LaunchScreen.storyboard */ = {
			isa = PBXVariantGroup;
			children = (
				10F082CE1C5D83A2006C9BD1 /* Base */,
			);
			name = LaunchScreen.storyboard;
			sourceTree = "<group>";
		};
/* End PBXVariantGroup section */

/* Begin XCBuildConfiguration section */
		10F082E71C5D83A3006C9BD1 /* Debug */ = {
			isa = XCBuildConfiguration;
			buildSettings = {
				ALWAYS_SEARCH_USER_PATHS = NO;
				CLANG_CXX_LANGUAGE_STANDARD = "gnu++0x";
				CLANG_CXX_LIBRARY = "libc++";
				CLANG_ENABLE_MODULES = YES;
				CLANG_ENABLE_OBJC_ARC = YES;
				CLANG_WARN_BOOL_CONVERSION = YES;
				CLANG_WARN_CONSTANT_CONVERSION = YES;
				CLANG_WARN_DIRECT_OBJC_ISA_USAGE = YES_ERROR;
				CLANG_WARN_EMPTY_BODY = YES;
				CLANG_WARN_ENUM_CONVERSION = YES;
				CLANG_WARN_INT_CONVERSION = YES;
				CLANG_WARN_OBJC_ROOT_CLASS = YES_ERROR;
				CLANG_WARN_UNREACHABLE_CODE = YES;
				CLANG_WARN__DUPLICATE_METHOD_MATCH = YES;
				"CODE_SIGN_IDENTITY[sdk=iphoneos*]" = "iPhone Developer";
				COPY_PHASE_STRIP = NO;
				DEBUG_INFORMATION_FORMAT = dwarf;
				ENABLE_STRICT_OBJC_MSGSEND = YES;
				ENABLE_TESTABILITY = YES;
				GCC_C_LANGUAGE_STANDARD = gnu99;
				GCC_DYNAMIC_NO_PIC = NO;
				GCC_NO_COMMON_BLOCKS = YES;
				GCC_OPTIMIZATION_LEVEL = 0;
				GCC_PREPROCESSOR_DEFINITIONS = (
					"DEBUG=1",
					"$(inherited)",
				);
				GCC_WARN_64_TO_32_BIT_CONVERSION = YES;
				GCC_WARN_ABOUT_RETURN_TYPE = YES_ERROR;
				GCC_WARN_UNDECLARED_SELECTOR = YES;
				GCC_WARN_UNINITIALIZED_AUTOS = YES_AGGRESSIVE;
				GCC_WARN_UNUSED_FUNCTION = YES;
				GCC_WARN_UNUSED_VARIABLE = YES;
				IPHONEOS_DEPLOYMENT_TARGET = 9.2;
				MTL_ENABLE_DEBUG_INFO = YES;
				ONLY_ACTIVE_ARCH = YES;
				SDKROOT = iphoneos;
				SWIFT_OBJC_BRIDGING_HEADER = "OneMinute/OneMinute-Bridging-Header.h";
				SWIFT_OPTIMIZATION_LEVEL = "-Onone";
			};
			name = Debug;
		};
		10F082E81C5D83A3006C9BD1 /* Release */ = {
			isa = XCBuildConfiguration;
			buildSettings = {
				ALWAYS_SEARCH_USER_PATHS = NO;
				CLANG_CXX_LANGUAGE_STANDARD = "gnu++0x";
				CLANG_CXX_LIBRARY = "libc++";
				CLANG_ENABLE_MODULES = YES;
				CLANG_ENABLE_OBJC_ARC = YES;
				CLANG_WARN_BOOL_CONVERSION = YES;
				CLANG_WARN_CONSTANT_CONVERSION = YES;
				CLANG_WARN_DIRECT_OBJC_ISA_USAGE = YES_ERROR;
				CLANG_WARN_EMPTY_BODY = YES;
				CLANG_WARN_ENUM_CONVERSION = YES;
				CLANG_WARN_INT_CONVERSION = YES;
				CLANG_WARN_OBJC_ROOT_CLASS = YES_ERROR;
				CLANG_WARN_UNREACHABLE_CODE = YES;
				CLANG_WARN__DUPLICATE_METHOD_MATCH = YES;
				"CODE_SIGN_IDENTITY[sdk=iphoneos*]" = "iPhone Developer";
				COPY_PHASE_STRIP = NO;
				DEBUG_INFORMATION_FORMAT = "dwarf-with-dsym";
				ENABLE_NS_ASSERTIONS = NO;
				ENABLE_STRICT_OBJC_MSGSEND = YES;
				GCC_C_LANGUAGE_STANDARD = gnu99;
				GCC_NO_COMMON_BLOCKS = YES;
				GCC_WARN_64_TO_32_BIT_CONVERSION = YES;
				GCC_WARN_ABOUT_RETURN_TYPE = YES_ERROR;
				GCC_WARN_UNDECLARED_SELECTOR = YES;
				GCC_WARN_UNINITIALIZED_AUTOS = YES_AGGRESSIVE;
				GCC_WARN_UNUSED_FUNCTION = YES;
				GCC_WARN_UNUSED_VARIABLE = YES;
				IPHONEOS_DEPLOYMENT_TARGET = 9.2;
				MTL_ENABLE_DEBUG_INFO = NO;
				SDKROOT = iphoneos;
				SWIFT_OBJC_BRIDGING_HEADER = "OneMinute/OneMinute-Bridging-Header.h";
				VALIDATE_PRODUCT = YES;
			};
			name = Release;
		};
		10F082EA1C5D83A3006C9BD1 /* Debug */ = {
			isa = XCBuildConfiguration;
			buildSettings = {
				FRAMEWORK_SEARCH_PATHS = (
					"$(inherited)",
					"$(PROJECT_DIR)/OneMinute/ThirdParty",
				);
				INFOPLIST_FILE = OneMinute/Info.plist;
				IPHONEOS_DEPLOYMENT_TARGET = 8.2;
				LD_RUNPATH_SEARCH_PATHS = "$(inherited) @executable_path/Frameworks";
				PRODUCT_BUNDLE_IDENTIFIER = com.zwq.OneMinute;
				PRODUCT_NAME = "$(TARGET_NAME)";
				SWIFT_OBJC_BRIDGING_HEADER = "OneMinute/OneMinute-Bridging-Header.h";
			};
			name = Debug;
		};
		10F082EB1C5D83A3006C9BD1 /* Release */ = {
			isa = XCBuildConfiguration;
			buildSettings = {
				FRAMEWORK_SEARCH_PATHS = (
					"$(inherited)",
					"$(PROJECT_DIR)/OneMinute/ThirdParty",
				);
				INFOPLIST_FILE = OneMinute/Info.plist;
				IPHONEOS_DEPLOYMENT_TARGET = 8.2;
				LD_RUNPATH_SEARCH_PATHS = "$(inherited) @executable_path/Frameworks";
				PRODUCT_BUNDLE_IDENTIFIER = com.zwq.OneMinute;
				PRODUCT_NAME = "$(TARGET_NAME)";
				SWIFT_OBJC_BRIDGING_HEADER = "OneMinute/OneMinute-Bridging-Header.h";
			};
			name = Release;
		};
		10F082ED1C5D83A3006C9BD1 /* Debug */ = {
			isa = XCBuildConfiguration;
			buildSettings = {
				BUNDLE_LOADER = "$(TEST_HOST)";
				INFOPLIST_FILE = OneMinuteTests/Info.plist;
				LD_RUNPATH_SEARCH_PATHS = "$(inherited) @executable_path/Frameworks @loader_path/Frameworks";
				PRODUCT_BUNDLE_IDENTIFIER = com.zwq.OneMinuteTests;
				PRODUCT_NAME = "$(TARGET_NAME)";
				TEST_HOST = "$(BUILT_PRODUCTS_DIR)/OneMinute.app/OneMinute";
			};
			name = Debug;
		};
		10F082EE1C5D83A3006C9BD1 /* Release */ = {
			isa = XCBuildConfiguration;
			buildSettings = {
				BUNDLE_LOADER = "$(TEST_HOST)";
				INFOPLIST_FILE = OneMinuteTests/Info.plist;
				LD_RUNPATH_SEARCH_PATHS = "$(inherited) @executable_path/Frameworks @loader_path/Frameworks";
				PRODUCT_BUNDLE_IDENTIFIER = com.zwq.OneMinuteTests;
				PRODUCT_NAME = "$(TARGET_NAME)";
				TEST_HOST = "$(BUILT_PRODUCTS_DIR)/OneMinute.app/OneMinute";
			};
			name = Release;
		};
		10F082F01C5D83A3006C9BD1 /* Debug */ = {
			isa = XCBuildConfiguration;
			buildSettings = {
				INFOPLIST_FILE = OneMinuteUITests/Info.plist;
				LD_RUNPATH_SEARCH_PATHS = "$(inherited) @executable_path/Frameworks @loader_path/Frameworks";
				PRODUCT_BUNDLE_IDENTIFIER = com.zwq.OneMinuteUITests;
				PRODUCT_NAME = "$(TARGET_NAME)";
				TEST_TARGET_NAME = OneMinute;
				USES_XCTRUNNER = YES;
			};
			name = Debug;
		};
		10F082F11C5D83A3006C9BD1 /* Release */ = {
			isa = XCBuildConfiguration;
			buildSettings = {
				INFOPLIST_FILE = OneMinuteUITests/Info.plist;
				LD_RUNPATH_SEARCH_PATHS = "$(inherited) @executable_path/Frameworks @loader_path/Frameworks";
				PRODUCT_BUNDLE_IDENTIFIER = com.zwq.OneMinuteUITests;
				PRODUCT_NAME = "$(TARGET_NAME)";
				TEST_TARGET_NAME = OneMinute;
				USES_XCTRUNNER = YES;
			};
			name = Release;
		};
/* End XCBuildConfiguration section */

/* Begin XCConfigurationList section */
		10F082B91C5D83A2006C9BD1 /* Build configuration list for PBXProject "OneMinute" */ = {
			isa = XCConfigurationList;
			buildConfigurations = (
				10F082E71C5D83A3006C9BD1 /* Debug */,
				10F082E81C5D83A3006C9BD1 /* Release */,
			);
			defaultConfigurationIsVisible = 0;
			defaultConfigurationName = Release;
		};
		10F082E91C5D83A3006C9BD1 /* Build configuration list for PBXNativeTarget "OneMinute" */ = {
			isa = XCConfigurationList;
			buildConfigurations = (
				10F082EA1C5D83A3006C9BD1 /* Debug */,
				10F082EB1C5D83A3006C9BD1 /* Release */,
			);
			defaultConfigurationIsVisible = 0;
			defaultConfigurationName = Release;
		};
		10F082EC1C5D83A3006C9BD1 /* Build configuration list for PBXNativeTarget "OneMinuteTests" */ = {
			isa = XCConfigurationList;
			buildConfigurations = (
				10F082ED1C5D83A3006C9BD1 /* Debug */,
				10F082EE1C5D83A3006C9BD1 /* Release */,
			);
			defaultConfigurationIsVisible = 0;
			defaultConfigurationName = Release;
		};
		10F082EF1C5D83A3006C9BD1 /* Build configuration list for PBXNativeTarget "OneMinuteUITests" */ = {
			isa = XCConfigurationList;
			buildConfigurations = (
				10F082F01C5D83A3006C9BD1 /* Debug */,
				10F082F11C5D83A3006C9BD1 /* Release */,
			);
			defaultConfigurationIsVisible = 0;
			defaultConfigurationName = Release;
		};
/* End XCConfigurationList section */

/* Begin XCVersionGroup section */
		10F082C81C5D83A2006C9BD1 /* OneMinute.xcdatamodeld */ = {
			isa = XCVersionGroup;
			children = (
				10F082C91C5D83A2006C9BD1 /* OneMinute.xcdatamodel */,
			);
			currentVersion = 10F082C91C5D83A2006C9BD1 /* OneMinute.xcdatamodel */;
			path = OneMinute.xcdatamodeld;
			sourceTree = "<group>";
			versionGroupType = wrapper.xcdatamodel;
		};
/* End XCVersionGroup section */
	};
	rootObject = 10F082B61C5D83A2006C9BD1 /* Project object */;
}
